{
  "name": "edelman-about-v1",
  "lockfileVersion": 3,
  "requires": true,
  "packages": {
    "": {
      "dependencies": {
        "simple-parallax-js": "^6.0.1"
      }
    },

    "node_modules/simple-parallax-js": {
      "version": "6.0.1",
      "resolved": "https://registry.npmjs.org/simple-parallax-js/-/simple-parallax-js-6.0.1.tgz",
      "integrity": "sha512-b66Yz2CFsjHo+AavznoSnKpBBhdQ2cXWIdLNVbgyp2/Arbk+OhoabTqWp7KrRbAyBcr8KGd91ilKW6HC6fnuUg==",
      "peerDependencies": {
        "react": ">=17.0.0",
        "react-dom": ">=17.0.0"
      }
    }
  }
}
